[[package]]
name = "credits.aleo"
network = "testnet"
location = "network"
checksum = "a96e301bc901ca10ad7c35da423f0b1721cc30842252a098c47c1a7bd8cb2364"
dependencies = []

[[package]]
name = "multi_token_support_program.aleo"
location = "local"
path = "/Users/palong/bandersnatch/projects/zvote/programs/proposers/no_approval_required_proposer/../../multi_dao_support_program/../multi_token_support_program"
checksum = "cd163089dcae74c08abdfc6927a63b918e82b36b9e4f7ef10acf98907f7edcab"
dependencies = ["credits.aleo"]

[[package]]
name = "multi_dao_support_program.aleo"
location = "local"
path = "/Users/palong/bandersnatch/projects/zvote/programs/proposers/no_approval_required_proposer/../../multi_dao_support_program"
checksum = "82eabbd47ca9e81a026816e06fae740640cac0cfbcac0ea6c2ebb0b60738b423"
dependencies = ["multi_token_support_program.aleo"]
