[[package]]
name = "credits.aleo"
network = "testnet"
location = "network"
checksum = "a96e301bc901ca10ad7c35da423f0b1721cc30842252a098c47c1a7bd8cb2364"
dependencies = []

[[package]]
name = "multi_token_support_program.aleo"
location = "local"
path = "/Users/palong/bandersnatch/projects/zvote/programs/DaoFactories/zvote_dao_factory/../../MultiSupportProgram/multi_dao_support_program/../multi_token_support_program"
checksum = "cd163089dcae74c08abdfc6927a63b918e82b36b9e4f7ef10acf98907f7edcab"
dependencies = ["credits.aleo"]

[[package]]
name = "multi_dao_support_program.aleo"
location = "local"
path = "/Users/palong/bandersnatch/projects/zvote/programs/DaoFactories/zvote_dao_factory/../../MultiSupportProgram/multi_dao_support_program"
checksum = "8464db9e40d5dd798bd10bd303e2ccafb3a74c526a2ddd89865f0bb972ebb43c"
dependencies = ["multi_token_support_program.aleo"]

[[package]]
name = "daom__approved_proposer_list.aleo"
location = "local"
path = "/Users/palong/bandersnatch/projects/zvote/programs/DaoFactories/zvote_dao_factory/../../DaoManager/daom__approved_proposer_list"
checksum = "6172e6570b0968abbbebd816db4e7ad8ac7d134919ffb34249710aa1b17934e9"
dependencies = ["multi_dao_support_program.aleo"]

[[package]]
name = "daom__no_approval_required.aleo"
location = "local"
path = "/Users/palong/bandersnatch/projects/zvote/programs/DaoFactories/zvote_dao_factory/../../DaoManager/daom__no_approval_required"
checksum = "e3ea5f947380dc0265c6a7e57196108a8dcc789d542a0b0052d1e830da662558"
dependencies = ["multi_dao_support_program.aleo"]

[[package]]
name = "psm__dao_based.aleo"
location = "local"
path = "/Users/palong/bandersnatch/projects/zvote/programs/DaoFactories/zvote_dao_factory/../../ProposersManager/psm__dao_based"
checksum = "ba2b3b10f03b562be18b558057889d2173d0e506574403fcfb083c7ce2456802"
dependencies = ["multi_dao_support_program.aleo", "daom__approved_proposer_list.aleo"]

[[package]]
name = "daomu__dao_based.aleo"
location = "local"
path = "/Users/palong/bandersnatch/projects/zvote/programs/DaoFactories/zvote_dao_factory/../../DaoManagerUpdater/daomu__dao_based"
checksum = "7e7304f64bafd4602cfb479ae78514c593da00a54edfd567fc3995a3b01a4b24"
dependencies = ["multi_dao_support_program.aleo", "daom__approved_proposer_list.aleo"]

[[package]]
name = "vsm__dao_based_apl.aleo"
location = "local"
path = "/Users/palong/bandersnatch/projects/zvote/programs/DaoFactories/zvote_dao_factory/../../VotingSystemManager/vsm__dao_based_apl"
checksum = "162eb578cf0a83b7d0a55f517fb7a21cb1a9b10ce19a9af9403bf954cd16cca1"
dependencies = ["multi_dao_support_program.aleo", "daom__approved_proposer_list.aleo"]

[[package]]
name = "vsm__dao_based_nar.aleo"
location = "local"
path = "/Users/palong/bandersnatch/projects/zvote/programs/DaoFactories/zvote_dao_factory/../../VotingSystemManager/vsm__dao_based_nar"
checksum = "82db248fc2b7c646a19142b5e7e3f1b32a981a8738b1d4b2289862933bdf1d33"
dependencies = ["multi_dao_support_program.aleo", "daom__no_approval_required.aleo"]
