[[package]]
name = "credits.aleo"
network = "testnet"
location = "network"
checksum = "a96e301bc901ca10ad7c35da423f0b1721cc30842252a098c47c1a7bd8cb2364"
dependencies = []

[[package]]
name = "multi_token_support_programv1.aleo"
network = "testnet"
location = "network"
checksum = "2c9da2a20e6324f093435a40e00bc8114c5b7952cb4262ae0462cb90f817546e"
dependencies = ["credits.aleo"]

[[package]]
name = "multi_dao_support_program.aleo"
location = "local"
path = "/Users/palong/bandersnatch/projects/zvote/programs/VotingSystem/vs__2_candidates/../../MultiSupportProgram/multi_dao_support_program"
checksum = "8464db9e40d5dd798bd10bd303e2ccafb3a74c526a2ddd89865f0bb972ebb43c"
dependencies = ["multi_token_support_programv1.aleo"]
