[[package]]
name = "credits.aleo"
network = "testnet"
location = "network"
checksum = "a96e301bc901ca10ad7c35da423f0b1721cc30842252a098c47c1a7bd8cb2364"
dependencies = []

[[package]]
name = "multi_token_support_programv1.aleo"
network = "testnet"
location = "network"
checksum = "2c9da2a20e6324f093435a40e00bc8114c5b7952cb4262ae0462cb90f817546e"
dependencies = ["credits.aleo"]
